{
	"archiveVersion" = "1";
	"classes" =
		{
		};
	"objectVersion" = "46";
	"objects" =
		{
			"100000000000000000000002" =
				{
					"isa" = "PBXGroup";
					"children" =
						("E083809424EC401A9B117E13", "EC9878D6407F47CCB9FB5925", "C7387373B7064D2EBD3F3011"
);
					"sourceTree" = "<group>";
				};
			"100000000000000000000006" =
				{
					"isa" = "PBXNativeTarget";
					"buildPhases" =
						("100000000000000000000007");
					"buildRules" =
						();
					"dependencies" =
						();
					"name" = "test";
					"productName" = "test";
					"productType" = "com.apple.product-type.application";
				};
			"100000000000000000000001" =
				{
					"isa" = "PBXProject";
					"attributes" =
						{
							"LastUpgradeCheck" = "0620";
						};
					"buildConfigurationList" = "100000000000000000000003";
					"compatibilityVersion" = "Xcode 3.2";
					"developmentRegion" = "English";
					"hasScannedForEncodings" = "0";
					"knownRegions" =
						("en");
					"mainGroup" = "100000000000000000000002";
					"projectDirPath" = "";
					"projectRoot" = "";
					"targets" =
						("100000000000000000000006");
				};
			"100000000000000000000007" =
				{
					"isa" = "PBXSourcesBuildPhase";
					"buildActionMask" = "2147483647";
					"files" =
						("6C8AA396F7964117BFE6811E", "8B2C50B078804419985FDFD7", "F6B60CA3BBFA4F1893BF2561"
);
					"runOnlyForDeploymentPostprocessing" = "0";
				};
			"100000000000000000000004" =
				{
					"isa" = "XCBuildConfiguration";
					"buildSettings" =
						{
							"INFOPLIST_FILE" = "/Users/flatfisher/Documents/Develop/robovm_bluetooth_hub_project/ios/Info.plist.xml";
							"SDKROOT" = "iphoneos";
							"TARGETED_DEVICE_FAMILY" = "1,2";
							"GCC_PRECOMPILE_PREFIX_HEADER" = "YES";
							"GCC_PREFIX_HEADER" = "/Users/flatfisher/Documents/Develop/robovm_bluetooth_hub_project/ios/robovm-build/xcode/.ib/Prefix.pch";
						};
					"name" = "Debug";
				};
			"100000000000000000000005" =
				{
					"isa" = "XCBuildConfiguration";
					"buildSettings" =
						{
							"INFOPLIST_FILE" = "/Users/flatfisher/Documents/Develop/robovm_bluetooth_hub_project/ios/Info.plist.xml";
							"SDKROOT" = "iphoneos";
							"TARGETED_DEVICE_FAMILY" = "1,2";
							"GCC_PRECOMPILE_PREFIX_HEADER" = "YES";
							"GCC_PREFIX_HEADER" = "/Users/flatfisher/Documents/Develop/robovm_bluetooth_hub_project/ios/robovm-build/xcode/.ib/Prefix.pch";
						};
					"name" = "Release";
				};
			"100000000000000000000003" =
				{
					"isa" = "XCConfigurationList";
					"buildConfigurations" =
						("100000000000000000000004", "100000000000000000000005");
					"defaultConfigurationIsVisible" = "0";
					"defaultConfigurationName" = "Release";
				};
			"4DC99A3F05B64FF79F25A62F" =
				{
					"isa" = "PBXFileReference";
					"name" = "Main.storyboard";
					"lastKnownFileType" = "file.storyboard";
					"sourceTree" = "<group>";
					"path" = "Base.lproj/Main.storyboard";
				};
			"E083809424EC401A9B117E13" =
				{
					"isa" = "PBXGroup";
					"children" =
						("A8EEB68983EE42AC84876CCD", "2072CAC20DBE469487DC08BE");
					"name" = "Resources";
					"sourceTree" = "<absolute>";
					"path" = "/Users/flatfisher/Documents/Develop/robovm_bluetooth_hub_project/ios/resources";
				};
			"A8EEB68983EE42AC84876CCD" =
				{
					"isa" = "PBXFileReference";
					"name" = "Images.xcassets";
					"lastKnownFileType" = "folder.assetcatalog";
					"sourceTree" = "<group>";
					"path" = "Images.xcassets";
				};
			"2072CAC20DBE469487DC08BE" =
				{
					"isa" = "PBXVariantGroup";
					"children" =
						("4DC99A3F05B64FF79F25A62F");
					"name" = "Main.storyboard";
					"sourceTree" = "<group>";
				};
			"F22C5521E63D48E29CD2D296" =
				{
					"isa" = "PBXFileReference";
					"name" = "Info.plist";
					"explicitFileType" = "text.plist.info";
					"sourceTree" = "<group>";
					"path" = "Info.plist.xml";
				};
			"C7387373B7064D2EBD3F3011" =
				{
					"isa" = "PBXGroup";
					"children" =
						("F22C5521E63D48E29CD2D296");
					"name" = "Supporting Files";
					"sourceTree" = "<absolute>";
					"path" = "/Users/flatfisher/Documents/Develop/robovm_bluetooth_hub_project/ios";
				};
			"AF8A6EFF05174CC29E7B320D" =
				{
					"isa" = "PBXFileReference";
					"name" = "AddDeviceTableViewController.h";
					"lastKnownFileType" = "sourcecode.c.h";
					"sourceTree" = "<group>";
					"path" = "AddDeviceTableViewController.h";
				};
			"EC9878D6407F47CCB9FB5925" =
				{
					"isa" = "PBXGroup";
					"children" =
						("A0C59DAB2A38447B9B2FED90");
					"name" = "Sources";
					"sourceTree" = "<absolute>";
					"path" = "/Users/flatfisher/Documents/Develop/robovm_bluetooth_hub_project/ios/robovm-build/xcode/.ib";
				};
			"A0C59DAB2A38447B9B2FED90" =
				{
					"isa" = "PBXGroup";
					"children" =
						("AF8A6EFF05174CC29E7B320D", "BCF7702F4AD84CF6836DAC63", "B9D8EF105A024555B2F3D28A",
 "A6946A0381FF467CB0C278A6", "006D0B3C2CD2413AB6606E0B", "B511ECDD000B48179D462B2F"
);
					"name" = "com.liferay.bluetooth";
					"sourceTree" = "<group>";
					"path" = "com.liferay.bluetooth";
				};
			"BCF7702F4AD84CF6836DAC63" =
				{
					"isa" = "PBXFileReference";
					"name" = "AddDeviceTableViewController.m";
					"lastKnownFileType" = "sourcecode.c.objc";
					"sourceTree" = "<group>";
					"path" = "AddDeviceTableViewController.m";
				};
			"6C8AA396F7964117BFE6811E" =
				{
					"isa" = "PBXBuildFile";
					"fileRef" = "BCF7702F4AD84CF6836DAC63";
				};
			"B9D8EF105A024555B2F3D28A" =
				{
					"isa" = "PBXFileReference";
					"name" = "DeviceDataUIView.h";
					"lastKnownFileType" = "sourcecode.c.h";
					"sourceTree" = "<group>";
					"path" = "DeviceDataUIView.h";
				};
			"A6946A0381FF467CB0C278A6" =
				{
					"isa" = "PBXFileReference";
					"name" = "DeviceDataUIView.m";
					"lastKnownFileType" = "sourcecode.c.objc";
					"sourceTree" = "<group>";
					"path" = "DeviceDataUIView.m";
				};
			"8B2C50B078804419985FDFD7" =
				{
					"isa" = "PBXBuildFile";
					"fileRef" = "A6946A0381FF467CB0C278A6";
				};
			"006D0B3C2CD2413AB6606E0B" =
				{
					"isa" = "PBXFileReference";
					"name" = "MainViewController.h";
					"lastKnownFileType" = "sourcecode.c.h";
					"sourceTree" = "<group>";
					"path" = "MainViewController.h";
				};
			"B511ECDD000B48179D462B2F" =
				{
					"isa" = "PBXFileReference";
					"name" = "MainViewController.m";
					"lastKnownFileType" = "sourcecode.c.objc";
					"sourceTree" = "<group>";
					"path" = "MainViewController.m";
				};
			"F6B60CA3BBFA4F1893BF2561" =
				{
					"isa" = "PBXBuildFile";
					"fileRef" = "B511ECDD000B48179D462B2F";
				};
		};
	"rootObject" = "100000000000000000000001";
}
