{
	"archiveVersion" = "1";
	"classes" =
		{
		};
	"objectVersion" = "46";
	"objects" =
		{
			"100000000000000000000002" =
				{
					"isa" = "PBXGroup";
					"children" =
						("E083809424EC401A9B117E13", "B4663A6A1F52479E999E80FB", "C7387373B7064D2EBD3F3011"
);
					"sourceTree" = "<group>";
				};
			"100000000000000000000006" =
				{
					"isa" = "PBXNativeTarget";
					"buildPhases" =
						("100000000000000000000007");
					"buildRules" =
						();
					"dependencies" =
						();
					"name" = "test";
					"productName" = "test";
					"productType" = "com.apple.product-type.application";
				};
			"100000000000000000000001" =
				{
					"isa" = "PBXProject";
					"attributes" =
						{
							"LastUpgradeCheck" = "0620";
						};
					"buildConfigurationList" = "100000000000000000000003";
					"compatibilityVersion" = "Xcode 3.2";
					"developmentRegion" = "English";
					"hasScannedForEncodings" = "0";
					"knownRegions" =
						("en");
					"mainGroup" = "100000000000000000000002";
					"projectDirPath" = "";
					"projectRoot" = "";
					"targets" =
						("100000000000000000000006");
				};
			"100000000000000000000007" =
				{
					"isa" = "PBXSourcesBuildPhase";
					"buildActionMask" = "2147483647";
					"files" =
						("2BB689F9F0BE43FEAA578105", "54D8BCDEDFFA4D938EDF1AB8");
					"runOnlyForDeploymentPostprocessing" = "0";
				};
			"100000000000000000000004" =
				{
					"isa" = "XCBuildConfiguration";
					"buildSettings" =
						{
							"INFOPLIST_FILE" = "/Users/flatfisher/Documents/Develop/robovm_bluetooth_hub_project/ios/Info.plist.xml";
							"SDKROOT" = "iphoneos";
							"TARGETED_DEVICE_FAMILY" = "1,2";
							"GCC_PRECOMPILE_PREFIX_HEADER" = "YES";
							"GCC_PREFIX_HEADER" = "/Users/flatfisher/Documents/Develop/robovm_bluetooth_hub_project/ios/robovm-build/xcode/.ib/Prefix.pch";
						};
					"name" = "Debug";
				};
			"100000000000000000000005" =
				{
					"isa" = "XCBuildConfiguration";
					"buildSettings" =
						{
							"INFOPLIST_FILE" = "/Users/flatfisher/Documents/Develop/robovm_bluetooth_hub_project/ios/Info.plist.xml";
							"SDKROOT" = "iphoneos";
							"TARGETED_DEVICE_FAMILY" = "1,2";
							"GCC_PRECOMPILE_PREFIX_HEADER" = "YES";
							"GCC_PREFIX_HEADER" = "/Users/flatfisher/Documents/Develop/robovm_bluetooth_hub_project/ios/robovm-build/xcode/.ib/Prefix.pch";
						};
					"name" = "Release";
				};
			"100000000000000000000003" =
				{
					"isa" = "XCConfigurationList";
					"buildConfigurations" =
						("100000000000000000000004", "100000000000000000000005");
					"defaultConfigurationIsVisible" = "0";
					"defaultConfigurationName" = "Release";
				};
			"4DC99A3F05B64FF79F25A62F" =
				{
					"isa" = "PBXFileReference";
					"name" = "Main.storyboard";
					"lastKnownFileType" = "file.storyboard";
					"sourceTree" = "<group>";
					"path" = "Base.lproj/Main.storyboard";
				};
			"E083809424EC401A9B117E13" =
				{
					"isa" = "PBXGroup";
					"children" =
						("A8EEB68983EE42AC84876CCD", "2072CAC20DBE469487DC08BE");
					"name" = "Resources";
					"sourceTree" = "<absolute>";
					"path" = "/Users/flatfisher/Documents/Develop/robovm_bluetooth_hub_project/ios/resources";
				};
			"A8EEB68983EE42AC84876CCD" =
				{
					"isa" = "PBXFileReference";
					"name" = "Images.xcassets";
					"lastKnownFileType" = "folder.assetcatalog";
					"sourceTree" = "<group>";
					"path" = "Images.xcassets";
				};
			"2072CAC20DBE469487DC08BE" =
				{
					"isa" = "PBXVariantGroup";
					"children" =
						("4DC99A3F05B64FF79F25A62F");
					"name" = "Main.storyboard";
					"sourceTree" = "<group>";
				};
			"F22C5521E63D48E29CD2D296" =
				{
					"isa" = "PBXFileReference";
					"name" = "Info.plist";
					"explicitFileType" = "text.plist.info";
					"sourceTree" = "<group>";
					"path" = "Info.plist.xml";
				};
			"C7387373B7064D2EBD3F3011" =
				{
					"isa" = "PBXGroup";
					"children" =
						("F22C5521E63D48E29CD2D296");
					"name" = "Supporting Files";
					"sourceTree" = "<absolute>";
					"path" = "/Users/flatfisher/Documents/Develop/robovm_bluetooth_hub_project/ios";
				};
			"C94DF5B9A7B346D6BE25C08D" =
				{
					"isa" = "PBXFileReference";
					"name" = "AddDeviceTableViewController.h";
					"lastKnownFileType" = "sourcecode.c.h";
					"sourceTree" = "<group>";
					"path" = "AddDeviceTableViewController.h";
				};
			"B4663A6A1F52479E999E80FB" =
				{
					"isa" = "PBXGroup";
					"children" =
						("AAE5C7C295CA439283A2BBBE");
					"name" = "Sources";
					"sourceTree" = "<absolute>";
					"path" = "/Users/flatfisher/Documents/Develop/robovm_bluetooth_hub_project/ios/robovm-build/xcode/.ib";
				};
			"AAE5C7C295CA439283A2BBBE" =
				{
					"isa" = "PBXGroup";
					"children" =
						("C94DF5B9A7B346D6BE25C08D", "1E0A67A2FA6943068448CAE7", "3E037496522F462A8C94BA54",
 "B21A04B5BE1248D1BBD5E297");
					"name" = "com.liferay.bluetooth";
					"sourceTree" = "<group>";
					"path" = "com.liferay.bluetooth";
				};
			"1E0A67A2FA6943068448CAE7" =
				{
					"isa" = "PBXFileReference";
					"name" = "AddDeviceTableViewController.m";
					"lastKnownFileType" = "sourcecode.c.objc";
					"sourceTree" = "<group>";
					"path" = "AddDeviceTableViewController.m";
				};
			"2BB689F9F0BE43FEAA578105" =
				{
					"isa" = "PBXBuildFile";
					"fileRef" = "1E0A67A2FA6943068448CAE7";
				};
			"3E037496522F462A8C94BA54" =
				{
					"isa" = "PBXFileReference";
					"name" = "MainViewController.h";
					"lastKnownFileType" = "sourcecode.c.h";
					"sourceTree" = "<group>";
					"path" = "MainViewController.h";
				};
			"B21A04B5BE1248D1BBD5E297" =
				{
					"isa" = "PBXFileReference";
					"name" = "MainViewController.m";
					"lastKnownFileType" = "sourcecode.c.objc";
					"sourceTree" = "<group>";
					"path" = "MainViewController.m";
				};
			"54D8BCDEDFFA4D938EDF1AB8" =
				{
					"isa" = "PBXBuildFile";
					"fileRef" = "B21A04B5BE1248D1BBD5E297";
				};
		};
	"rootObject" = "100000000000000000000001";
}
