{
	"archiveVersion" = "1";
	"classes" =
		{
		};
	"objectVersion" = "46";
	"objects" =
		{
			"100000000000000000000002" =
				{
					"isa" = "PBXGroup";
					"children" =
						("E083809424EC401A9B117E13", "50D5DC562BB1449AA424125A", "C7387373B7064D2EBD3F3011"
);
					"sourceTree" = "<group>";
				};
			"100000000000000000000006" =
				{
					"isa" = "PBXNativeTarget";
					"buildPhases" =
						("100000000000000000000007");
					"buildRules" =
						();
					"dependencies" =
						();
					"name" = "test";
					"productName" = "test";
					"productType" = "com.apple.product-type.application";
				};
			"100000000000000000000001" =
				{
					"isa" = "PBXProject";
					"attributes" =
						{
							"LastUpgradeCheck" = "0620";
						};
					"buildConfigurationList" = "100000000000000000000003";
					"compatibilityVersion" = "Xcode 3.2";
					"developmentRegion" = "English";
					"hasScannedForEncodings" = "0";
					"knownRegions" =
						("en");
					"mainGroup" = "100000000000000000000002";
					"projectDirPath" = "";
					"projectRoot" = "";
					"targets" =
						("100000000000000000000006");
				};
			"100000000000000000000007" =
				{
					"isa" = "PBXSourcesBuildPhase";
					"buildActionMask" = "2147483647";
					"files" =
						("82F304ADE28A487886AA6F39", "FA58174C9C904B4AA3C3FE74", "8A790371333746238B4DEC5E",
 "66A2ADFDD5244436823E02A3", "41E52A07C4EF49658404345C");
					"runOnlyForDeploymentPostprocessing" = "0";
				};
			"100000000000000000000004" =
				{
					"isa" = "XCBuildConfiguration";
					"buildSettings" =
						{
							"INFOPLIST_FILE" = "/Users/flatfisher/Documents/Develop/robovm_bluetooth_hub_project/ios/Info.plist.xml";
							"SDKROOT" = "iphoneos";
							"TARGETED_DEVICE_FAMILY" = "1,2";
							"GCC_PRECOMPILE_PREFIX_HEADER" = "YES";
							"GCC_PREFIX_HEADER" = "/Users/flatfisher/Documents/Develop/robovm_bluetooth_hub_project/ios/robovm-build/xcode/.ib/Prefix.pch";
						};
					"name" = "Debug";
				};
			"100000000000000000000005" =
				{
					"isa" = "XCBuildConfiguration";
					"buildSettings" =
						{
							"INFOPLIST_FILE" = "/Users/flatfisher/Documents/Develop/robovm_bluetooth_hub_project/ios/Info.plist.xml";
							"SDKROOT" = "iphoneos";
							"TARGETED_DEVICE_FAMILY" = "1,2";
							"GCC_PRECOMPILE_PREFIX_HEADER" = "YES";
							"GCC_PREFIX_HEADER" = "/Users/flatfisher/Documents/Develop/robovm_bluetooth_hub_project/ios/robovm-build/xcode/.ib/Prefix.pch";
						};
					"name" = "Release";
				};
			"100000000000000000000003" =
				{
					"isa" = "XCConfigurationList";
					"buildConfigurations" =
						("100000000000000000000004", "100000000000000000000005");
					"defaultConfigurationIsVisible" = "0";
					"defaultConfigurationName" = "Release";
				};
			"E083809424EC401A9B117E13" =
				{
					"isa" = "PBXGroup";
					"children" =
						("A046392D4AF2474E894A2B91", "E3BFF385747840D390502FAF", "2072CAC20DBE469487DC08BE"
);
					"name" = "Resources";
					"sourceTree" = "<absolute>";
					"path" = "/Users/flatfisher/Documents/Develop/robovm_bluetooth_hub_project/ios/resources";
				};
			"2072CAC20DBE469487DC08BE" =
				{
					"isa" = "PBXVariantGroup";
					"children" =
						("33A8A98051DD4454A0B4A41C", "C064DAB850A94CA2AD6AE8D4");
					"name" = "Main.storyboard";
					"sourceTree" = "<group>";
				};
			"F22C5521E63D48E29CD2D296" =
				{
					"isa" = "PBXFileReference";
					"name" = "Info.plist";
					"explicitFileType" = "text.plist.info";
					"sourceTree" = "<group>";
					"path" = "Info.plist.xml";
				};
			"C7387373B7064D2EBD3F3011" =
				{
					"isa" = "PBXGroup";
					"children" =
						("949004EF845C4024B6F365D7", "9748D15360494190A8783966", "B40D852B22E54629811EEE37",
 "F22C5521E63D48E29CD2D296");
					"name" = "Supporting Files";
					"sourceTree" = "<absolute>";
					"path" = "/Users/flatfisher/Documents/Develop/robovm_bluetooth_hub_project/ios";
				};
			"50D5DC562BB1449AA424125A" =
				{
					"isa" = "PBXGroup";
					"children" =
						("6D7AE60B85D24E79BA6E1A71");
					"name" = "Sources";
					"sourceTree" = "<absolute>";
					"path" = "/Users/flatfisher/Documents/Develop/robovm_bluetooth_hub_project/ios/robovm-build/xcode/.ib";
				};
			"6D7AE60B85D24E79BA6E1A71" =
				{
					"isa" = "PBXGroup";
					"children" =
						("164A20490B9546428B1BD1F0", "239ADAB57D924C8992B2B512", "902C5FE5B09D4994B6444118",
 "6873AEB19D774968B28D7C2E", "99A989D0A3014364BA985C5F", "E4A74D7891964A05A531BD20",
 "7E7D15F0018B4DF9BCB06BFB", "8AEE2F000BDE447E8189C788", "BB246D5110CF4CE6B41EC934",
 "E04B9E0DA79A4B9D8CB6E41B");
					"name" = "com.liferay.bluetooth";
					"sourceTree" = "<group>";
					"path" = "com.liferay.bluetooth";
				};
			"902C5FE5B09D4994B6444118" =
				{
					"isa" = "PBXFileReference";
					"name" = "BLEDataView.h";
					"lastKnownFileType" = "sourcecode.c.h";
					"sourceTree" = "<group>";
					"path" = "BLEDataView.h";
				};
			"6873AEB19D774968B28D7C2E" =
				{
					"isa" = "PBXFileReference";
					"name" = "BLEDataView.m";
					"lastKnownFileType" = "sourcecode.c.objc";
					"sourceTree" = "<group>";
					"path" = "BLEDataView.m";
				};
			"66A2ADFDD5244436823E02A3" =
				{
					"isa" = "PBXBuildFile";
					"fileRef" = "6873AEB19D774968B28D7C2E";
				};
			"BB246D5110CF4CE6B41EC934" =
				{
					"isa" = "PBXFileReference";
					"name" = "ScanBLEDeviceViewController.h";
					"lastKnownFileType" = "sourcecode.c.h";
					"sourceTree" = "<group>";
					"path" = "ScanBLEDeviceViewController.h";
				};
			"E04B9E0DA79A4B9D8CB6E41B" =
				{
					"isa" = "PBXFileReference";
					"name" = "ScanBLEDeviceViewController.m";
					"lastKnownFileType" = "sourcecode.c.objc";
					"sourceTree" = "<group>";
					"path" = "ScanBLEDeviceViewController.m";
				};
			"FA58174C9C904B4AA3C3FE74" =
				{
					"isa" = "PBXBuildFile";
					"fileRef" = "E04B9E0DA79A4B9D8CB6E41B";
				};
			"C064DAB850A94CA2AD6AE8D4" =
				{
					"isa" = "PBXFileReference";
					"name" = "Main.storyboard";
					"lastKnownFileType" = "file.storyboard";
					"sourceTree" = "<group>";
					"path" = "Base.lproj/Main.storyboard";
				};
			"A046392D4AF2474E894A2B91" =
				{
					"isa" = "PBXFileReference";
					"name" = "Images.xcassets";
					"lastKnownFileType" = "folder.assetcatalog";
					"sourceTree" = "<group>";
					"path" = "Images.xcassets";
				};
			"949004EF845C4024B6F365D7" =
				{
					"isa" = "PBXFileReference";
					"name" = "Info.plist";
					"explicitFileType" = "text.plist.info";
					"sourceTree" = "<group>";
					"path" = "Info.plist.xml";
				};
			"B40D852B22E54629811EEE37" =
				{
					"isa" = "PBXFileReference";
					"name" = "Info.plist";
					"explicitFileType" = "text.plist.info";
					"sourceTree" = "<group>";
					"path" = "Info.plist.xml";
				};
			"33A8A98051DD4454A0B4A41C" =
				{
					"isa" = "PBXFileReference";
					"name" = "Main.storyboard";
					"lastKnownFileType" = "file.storyboard";
					"sourceTree" = "<group>";
					"path" = "Base.lproj/Main.storyboard";
				};
			"E3BFF385747840D390502FAF" =
				{
					"isa" = "PBXFileReference";
					"name" = "Images.xcassets";
					"lastKnownFileType" = "folder.assetcatalog";
					"sourceTree" = "<group>";
					"path" = "Images.xcassets";
				};
			"9748D15360494190A8783966" =
				{
					"isa" = "PBXFileReference";
					"name" = "Info.plist";
					"explicitFileType" = "text.plist.info";
					"sourceTree" = "<group>";
					"path" = "Info.plist.xml";
				};
			"164A20490B9546428B1BD1F0" =
				{
					"isa" = "PBXFileReference";
					"name" = "AddDeviceTableViewController.h";
					"lastKnownFileType" = "sourcecode.c.h";
					"sourceTree" = "<group>";
					"path" = "AddDeviceTableViewController.h";
				};
			"239ADAB57D924C8992B2B512" =
				{
					"isa" = "PBXFileReference";
					"name" = "AddDeviceTableViewController.m";
					"lastKnownFileType" = "sourcecode.c.objc";
					"sourceTree" = "<group>";
					"path" = "AddDeviceTableViewController.m";
				};
			"82F304ADE28A487886AA6F39" =
				{
					"isa" = "PBXBuildFile";
					"fileRef" = "239ADAB57D924C8992B2B512";
				};
			"99A989D0A3014364BA985C5F" =
				{
					"isa" = "PBXFileReference";
					"name" = "DeviceDataUIView.h";
					"lastKnownFileType" = "sourcecode.c.h";
					"sourceTree" = "<group>";
					"path" = "DeviceDataUIView.h";
				};
			"E4A74D7891964A05A531BD20" =
				{
					"isa" = "PBXFileReference";
					"name" = "DeviceDataUIView.m";
					"lastKnownFileType" = "sourcecode.c.objc";
					"sourceTree" = "<group>";
					"path" = "DeviceDataUIView.m";
				};
			"8A790371333746238B4DEC5E" =
				{
					"isa" = "PBXBuildFile";
					"fileRef" = "E4A74D7891964A05A531BD20";
				};
			"7E7D15F0018B4DF9BCB06BFB" =
				{
					"isa" = "PBXFileReference";
					"name" = "MainViewController.h";
					"lastKnownFileType" = "sourcecode.c.h";
					"sourceTree" = "<group>";
					"path" = "MainViewController.h";
				};
			"8AEE2F000BDE447E8189C788" =
				{
					"isa" = "PBXFileReference";
					"name" = "MainViewController.m";
					"lastKnownFileType" = "sourcecode.c.objc";
					"sourceTree" = "<group>";
					"path" = "MainViewController.m";
				};
			"41E52A07C4EF49658404345C" =
				{
					"isa" = "PBXBuildFile";
					"fileRef" = "8AEE2F000BDE447E8189C788";
				};
		};
	"rootObject" = "100000000000000000000001";
}
